
Microsoft Visual Studio Solution File, Format Version 12.00
# Visual Studio 15
VisualStudioVersion = 15.0.28307.329
MinimumVisualStudioVersion = 10.0.40219.1
Project("{FAE04EC0-301F-11D3-BF4B-00C04F79EFBC}") = "ConsoleApp21", "ConsoleApp21\ConsoleApp21.csproj", "{BC708F17-582A-4157-9EAE-4F938DC529DE}"
EndProject
Global
	GlobalSection(SolutionConfigurationPlatforms) = preSolution
		Debug|Any CPU = Debug|Any CPU
		Release|Any CPU = Release|Any CPU
	EndGlobalSection
	GlobalSection(ProjectConfigurationPlatforms) = postSolution
		{BC708F17-582A-4157-9EAE-4F938DC529DE}.Debug|Any CPU.ActiveCfg = Debug|Any CPU
		{BC708F17-582A-4157-9EAE-4F938DC529DE}.Debug|Any CPU.Build.0 = Debug|Any CPU
		{BC708F17-582A-4157-9EAE-4F938DC529DE}.Release|Any CPU.ActiveCfg = Release|Any CPU
		{BC708F17-582A-4157-9EAE-4F938DC529DE}.Release|Any CPU.Build.0 = Release|Any CPU
	EndGlobalSection
	GlobalSection(SolutionProperties) = preSolution
		HideSolutionNode = FALSE
	EndGlobalSection
	GlobalSection(ExtensibilityGlobals) = postSolution
		SolutionGuid = {ECD5BC72-C601-4C06-B15F-D2BAC388748A}
	EndGlobalSection
EndGlobal
